
Microsoft Visual Studio Solution File, Format Version 12.00
# Visual Studio 15
VisualStudioVersion = 15.0.26430.16
MinimumVisualStudioVersion = 10.0.40219.1
Project("{9092AA53-FB77-4645-B42D-1CCCA6BD08BD}") = "170804_SCG_Nodejs_Mosca_Server", "170804_SCG_Nodejs_Mosca_Server\170804_SCG_Nodejs_Mosca_Server.njsproj", "{AEF63E0D-89F3-47FC-9620-F0EF8CD875A6}"
EndProject
Global
	GlobalSection(SolutionConfigurationPlatforms) = preSolution
		Debug|Any CPU = Debug|Any CPU
		Release|Any CPU = Release|Any CPU
	EndGlobalSection
	GlobalSection(ProjectConfigurationPlatforms) = postSolution
		{AEF63E0D-89F3-47FC-9620-F0EF8CD875A6}.Debug|Any CPU.ActiveCfg = Debug|Any CPU
		{AEF63E0D-89F3-47FC-9620-F0EF8CD875A6}.Debug|Any CPU.Build.0 = Debug|Any CPU
		{AEF63E0D-89F3-47FC-9620-F0EF8CD875A6}.Release|Any CPU.ActiveCfg = Release|Any CPU
		{AEF63E0D-89F3-47FC-9620-F0EF8CD875A6}.Release|Any CPU.Build.0 = Release|Any CPU
	EndGlobalSection
	GlobalSection(SolutionProperties) = preSolution
		HideSolutionNode = FALSE
	EndGlobalSection
EndGlobal
